
Microsoft Visual Studio Solution File, Format Version 12.00
# Visual Studio 2013
VisualStudioVersion = 12.0.31101.0
MinimumVisualStudioVersion = 10.0.40219.1
Project("{FAE04EC0-301F-11D3-BF4B-00C04F79EFBC}") = "Task 1. class_123 in CSharp", "Task 1. class_123 in CSharp\Task 1. class_123 in CSharp.csproj", "{F2666C49-47D5-42DE-B5FD-D1B19C1D48E9}"
EndProject
Project("{FAE04EC0-301F-11D3-BF4B-00C04F79EFBC}") = "Task 2. Make_Чуек in CSharp", "Task 2. Make_Чуек in CSharp\Task 2. Make_Чуек in CSharp.csproj", "{AB04427B-4C19-4E37-9DA2-C325C76E3F5F}"
EndProject
Project("{FAE04EC0-301F-11D3-BF4B-00C04F79EFBC}") = "Task 4. Re-factor and improve the code", "Task 4. Re-factor and improve the code\Task 4. Re-factor and improve the code.csproj", "{94DC749D-1CFB-436F-931A-5B4A71790B70}"
EndProject
Global
	GlobalSection(SolutionConfigurationPlatforms) = preSolution
		Debug|Any CPU = Debug|Any CPU
		Release|Any CPU = Release|Any CPU
	EndGlobalSection
	GlobalSection(ProjectConfigurationPlatforms) = postSolution
		{F2666C49-47D5-42DE-B5FD-D1B19C1D48E9}.Debug|Any CPU.ActiveCfg = Debug|Any CPU
		{F2666C49-47D5-42DE-B5FD-D1B19C1D48E9}.Debug|Any CPU.Build.0 = Debug|Any CPU
		{F2666C49-47D5-42DE-B5FD-D1B19C1D48E9}.Release|Any CPU.ActiveCfg = Release|Any CPU
		{F2666C49-47D5-42DE-B5FD-D1B19C1D48E9}.Release|Any CPU.Build.0 = Release|Any CPU
		{AB04427B-4C19-4E37-9DA2-C325C76E3F5F}.Debug|Any CPU.ActiveCfg = Debug|Any CPU
		{AB04427B-4C19-4E37-9DA2-C325C76E3F5F}.Debug|Any CPU.Build.0 = Debug|Any CPU
		{AB04427B-4C19-4E37-9DA2-C325C76E3F5F}.Release|Any CPU.ActiveCfg = Release|Any CPU
		{AB04427B-4C19-4E37-9DA2-C325C76E3F5F}.Release|Any CPU.Build.0 = Release|Any CPU
		{94DC749D-1CFB-436F-931A-5B4A71790B70}.Debug|Any CPU.ActiveCfg = Debug|Any CPU
		{94DC749D-1CFB-436F-931A-5B4A71790B70}.Debug|Any CPU.Build.0 = Debug|Any CPU
		{94DC749D-1CFB-436F-931A-5B4A71790B70}.Release|Any CPU.ActiveCfg = Release|Any CPU
		{94DC749D-1CFB-436F-931A-5B4A71790B70}.Release|Any CPU.Build.0 = Release|Any CPU
	EndGlobalSection
	GlobalSection(SolutionProperties) = preSolution
		HideSolutionNode = FALSE
	EndGlobalSection
EndGlobal
