
Microsoft Visual Studio Solution File, Format Version 12.00
# Visual Studio 2013
VisualStudioVersion = 12.0.31101.0
MinimumVisualStudioVersion = 10.0.40219.1
Project("{FAE04EC0-301F-11D3-BF4B-00C04F79EFBC}") = "Task01_OddEvenIntegers", "hw_csh_I_03_Operators_and_Expressions\Task01_OddEvenIntegers.csproj", "{604BA770-F7C0-4D00-9788-87C3A369A4A7}"
EndProject
Project("{FAE04EC0-301F-11D3-BF4B-00C04F79EFBC}") = "Task02_MoonGravitation", "Task02_MoonGravitation\Task02_MoonGravitation.csproj", "{B20647A3-171C-40F4-8516-167DA4C9190F}"
EndProject
Project("{FAE04EC0-301F-11D3-BF4B-00C04F79EFBC}") = "Task03_Divide_by_7_and_5", "Task03_Divide_by_7_and_5\Task03_Divide_by_7_and_5.csproj", "{1DE06C68-F615-48F3-8957-4EFFD6D309F8}"
EndProject
Project("{FAE04EC0-301F-11D3-BF4B-00C04F79EFBC}") = "Task04_Rectangles", "Task04_Rectangles\Task04_Rectangles.csproj", "{5CA29363-847C-45BA-8A3E-60C53D766A23}"
EndProject
Project("{FAE04EC0-301F-11D3-BF4B-00C04F79EFBC}") = "Task05_Third_Digit_is_7", "Task05_ Third_Digit_is_7\Task05_Third_Digit_is_7.csproj", "{C5ED753C-DE3F-48DE-BD71-0A70EC8D179F}"
EndProject
Global
	GlobalSection(SolutionConfigurationPlatforms) = preSolution
		Debug|Any CPU = Debug|Any CPU
		Release|Any CPU = Release|Any CPU
	EndGlobalSection
	GlobalSection(ProjectConfigurationPlatforms) = postSolution
		{604BA770-F7C0-4D00-9788-87C3A369A4A7}.Debug|Any CPU.ActiveCfg = Debug|Any CPU
		{604BA770-F7C0-4D00-9788-87C3A369A4A7}.Debug|Any CPU.Build.0 = Debug|Any CPU
		{604BA770-F7C0-4D00-9788-87C3A369A4A7}.Release|Any CPU.ActiveCfg = Release|Any CPU
		{604BA770-F7C0-4D00-9788-87C3A369A4A7}.Release|Any CPU.Build.0 = Release|Any CPU
		{B20647A3-171C-40F4-8516-167DA4C9190F}.Debug|Any CPU.ActiveCfg = Debug|Any CPU
		{B20647A3-171C-40F4-8516-167DA4C9190F}.Debug|Any CPU.Build.0 = Debug|Any CPU
		{B20647A3-171C-40F4-8516-167DA4C9190F}.Release|Any CPU.ActiveCfg = Release|Any CPU
		{B20647A3-171C-40F4-8516-167DA4C9190F}.Release|Any CPU.Build.0 = Release|Any CPU
		{1DE06C68-F615-48F3-8957-4EFFD6D309F8}.Debug|Any CPU.ActiveCfg = Debug|Any CPU
		{1DE06C68-F615-48F3-8957-4EFFD6D309F8}.Debug|Any CPU.Build.0 = Debug|Any CPU
		{1DE06C68-F615-48F3-8957-4EFFD6D309F8}.Release|Any CPU.ActiveCfg = Release|Any CPU
		{1DE06C68-F615-48F3-8957-4EFFD6D309F8}.Release|Any CPU.Build.0 = Release|Any CPU
		{5CA29363-847C-45BA-8A3E-60C53D766A23}.Debug|Any CPU.ActiveCfg = Debug|Any CPU
		{5CA29363-847C-45BA-8A3E-60C53D766A23}.Debug|Any CPU.Build.0 = Debug|Any CPU
		{5CA29363-847C-45BA-8A3E-60C53D766A23}.Release|Any CPU.ActiveCfg = Release|Any CPU
		{5CA29363-847C-45BA-8A3E-60C53D766A23}.Release|Any CPU.Build.0 = Release|Any CPU
		{C5ED753C-DE3F-48DE-BD71-0A70EC8D179F}.Debug|Any CPU.ActiveCfg = Debug|Any CPU
		{C5ED753C-DE3F-48DE-BD71-0A70EC8D179F}.Debug|Any CPU.Build.0 = Debug|Any CPU
		{C5ED753C-DE3F-48DE-BD71-0A70EC8D179F}.Release|Any CPU.ActiveCfg = Release|Any CPU
		{C5ED753C-DE3F-48DE-BD71-0A70EC8D179F}.Release|Any CPU.Build.0 = Release|Any CPU
	EndGlobalSection
	GlobalSection(SolutionProperties) = preSolution
		HideSolutionNode = FALSE
	EndGlobalSection
EndGlobal
