
Microsoft Visual Studio Solution File, Format Version 12.00
# Visual Studio 2013
VisualStudioVersion = 12.0.31101.0
MinimumVisualStudioVersion = 10.0.40219.1
Project("{FAE04EC0-301F-11D3-BF4B-00C04F79EFBC}") = "Task1_Kaspichan Numbers", "Task1_Kaspichan Numbers\Task1_Kaspichan Numbers.csproj", "{7C5022CB-039A-4573-84A8-1C3B55140FF0}"
EndProject
Project("{FAE04EC0-301F-11D3-BF4B-00C04F79EFBC}") = "Task2_Greedy Dwarf", "Task2_Greedy Dwarf\Task2_Greedy Dwarf.csproj", "{3B0D4F21-4172-485B-BFD3-3623EE92FE34}"
EndProject
Project("{FAE04EC0-301F-11D3-BF4B-00C04F79EFBC}") = "Task3_Slides", "Task3_Slides\Task3_Slides.csproj", "{A4A00C50-07A0-4A7D-866B-C430DD01BEF5}"
EndProject
Global
	GlobalSection(SolutionConfigurationPlatforms) = preSolution
		Debug|Any CPU = Debug|Any CPU
		Release|Any CPU = Release|Any CPU
	EndGlobalSection
	GlobalSection(ProjectConfigurationPlatforms) = postSolution
		{7C5022CB-039A-4573-84A8-1C3B55140FF0}.Debug|Any CPU.ActiveCfg = Debug|Any CPU
		{7C5022CB-039A-4573-84A8-1C3B55140FF0}.Debug|Any CPU.Build.0 = Debug|Any CPU
		{7C5022CB-039A-4573-84A8-1C3B55140FF0}.Release|Any CPU.ActiveCfg = Release|Any CPU
		{7C5022CB-039A-4573-84A8-1C3B55140FF0}.Release|Any CPU.Build.0 = Release|Any CPU
		{3B0D4F21-4172-485B-BFD3-3623EE92FE34}.Debug|Any CPU.ActiveCfg = Debug|Any CPU
		{3B0D4F21-4172-485B-BFD3-3623EE92FE34}.Debug|Any CPU.Build.0 = Debug|Any CPU
		{3B0D4F21-4172-485B-BFD3-3623EE92FE34}.Release|Any CPU.ActiveCfg = Release|Any CPU
		{3B0D4F21-4172-485B-BFD3-3623EE92FE34}.Release|Any CPU.Build.0 = Release|Any CPU
		{A4A00C50-07A0-4A7D-866B-C430DD01BEF5}.Debug|Any CPU.ActiveCfg = Debug|Any CPU
		{A4A00C50-07A0-4A7D-866B-C430DD01BEF5}.Debug|Any CPU.Build.0 = Debug|Any CPU
		{A4A00C50-07A0-4A7D-866B-C430DD01BEF5}.Release|Any CPU.ActiveCfg = Release|Any CPU
		{A4A00C50-07A0-4A7D-866B-C430DD01BEF5}.Release|Any CPU.Build.0 = Release|Any CPU
	EndGlobalSection
	GlobalSection(SolutionProperties) = preSolution
		HideSolutionNode = FALSE
	EndGlobalSection
EndGlobal
