
Microsoft Visual Studio Solution File, Format Version 12.00
# Visual Studio 2013
VisualStudioVersion = 12.0.31101.0
MinimumVisualStudioVersion = 10.0.40219.1
Project("{FAE04EC0-301F-11D3-BF4B-00C04F79EFBC}") = "Task01_2_4_8", "Task01_2_4_8\Task01_2_4_8.csproj", "{6B109BF0-BC4D-4076-BFA8-8E63ED48EE16}"
EndProject
Project("{FAE04EC0-301F-11D3-BF4B-00C04F79EFBC}") = "Task02_Nightmare on Code Street", "Task02_Nightmare on Code Street\Task02_Nightmare on Code Street.csproj", "{CB0B6ADF-0971-458B-8691-59D8F91FA078}"
EndProject
Project("{FAE04EC0-301F-11D3-BF4B-00C04F79EFBC}") = "Task03_Enigmanation", "Task03_Enigmanation\Task03_Enigmanation.csproj", "{942B59F7-9FD2-4846-848D-2491385756E8}"
EndProject
Global
	GlobalSection(SolutionConfigurationPlatforms) = preSolution
		Debug|Any CPU = Debug|Any CPU
		Release|Any CPU = Release|Any CPU
	EndGlobalSection
	GlobalSection(ProjectConfigurationPlatforms) = postSolution
		{6B109BF0-BC4D-4076-BFA8-8E63ED48EE16}.Debug|Any CPU.ActiveCfg = Debug|Any CPU
		{6B109BF0-BC4D-4076-BFA8-8E63ED48EE16}.Debug|Any CPU.Build.0 = Debug|Any CPU
		{6B109BF0-BC4D-4076-BFA8-8E63ED48EE16}.Release|Any CPU.ActiveCfg = Release|Any CPU
		{6B109BF0-BC4D-4076-BFA8-8E63ED48EE16}.Release|Any CPU.Build.0 = Release|Any CPU
		{CB0B6ADF-0971-458B-8691-59D8F91FA078}.Debug|Any CPU.ActiveCfg = Debug|Any CPU
		{CB0B6ADF-0971-458B-8691-59D8F91FA078}.Debug|Any CPU.Build.0 = Debug|Any CPU
		{CB0B6ADF-0971-458B-8691-59D8F91FA078}.Release|Any CPU.ActiveCfg = Release|Any CPU
		{CB0B6ADF-0971-458B-8691-59D8F91FA078}.Release|Any CPU.Build.0 = Release|Any CPU
		{942B59F7-9FD2-4846-848D-2491385756E8}.Debug|Any CPU.ActiveCfg = Debug|Any CPU
		{942B59F7-9FD2-4846-848D-2491385756E8}.Debug|Any CPU.Build.0 = Debug|Any CPU
		{942B59F7-9FD2-4846-848D-2491385756E8}.Release|Any CPU.ActiveCfg = Release|Any CPU
		{942B59F7-9FD2-4846-848D-2491385756E8}.Release|Any CPU.Build.0 = Release|Any CPU
	EndGlobalSection
	GlobalSection(SolutionProperties) = preSolution
		HideSolutionNode = FALSE
	EndGlobalSection
EndGlobal
