
Microsoft Visual Studio Solution File, Format Version 12.00
# Visual Studio 2013
VisualStudioVersion = 12.0.31101.0
MinimumVisualStudioVersion = 10.0.40219.1
Project("{FAE04EC0-301F-11D3-BF4B-00C04F79EFBC}") = "Task01_11_Define_Classes_II", "Task01_11_Define_Classes_II\Task01_11_Define_Classes_II.csproj", "{4D66C07C-CFD3-4917-9501-4CD8455F9075}"
EndProject
Global
	GlobalSection(SolutionConfigurationPlatforms) = preSolution
		Debug|Any CPU = Debug|Any CPU
		Release|Any CPU = Release|Any CPU
	EndGlobalSection
	GlobalSection(ProjectConfigurationPlatforms) = postSolution
		{4D66C07C-CFD3-4917-9501-4CD8455F9075}.Debug|Any CPU.ActiveCfg = Debug|Any CPU
		{4D66C07C-CFD3-4917-9501-4CD8455F9075}.Debug|Any CPU.Build.0 = Debug|Any CPU
		{4D66C07C-CFD3-4917-9501-4CD8455F9075}.Release|Any CPU.ActiveCfg = Release|Any CPU
		{4D66C07C-CFD3-4917-9501-4CD8455F9075}.Release|Any CPU.Build.0 = Release|Any CPU
	EndGlobalSection
	GlobalSection(SolutionProperties) = preSolution
		HideSolutionNode = FALSE
	EndGlobalSection
EndGlobal
