
Microsoft Visual Studio Solution File, Format Version 12.00
# Visual Studio 2013
VisualStudioVersion = 12.0.31101.0
MinimumVisualStudioVersion = 10.0.40219.1
Project("{FAE04EC0-301F-11D3-BF4B-00C04F79EFBC}") = "Task 1.SolarSystem", "Task 1.Solar System\Task 1.SolarSystem.csproj", "{2F30E9AF-8256-40AF-B356-EA14E55CE9D7}"
EndProject
Project("{FAE04EC0-301F-11D3-BF4B-00C04F79EFBC}") = "Task 2.Compare simple Maths", "Task 2.Compare simple Maths\Task 2.Compare simple Maths.csproj", "{C94B4025-A9C3-428A-B037-AEB490977E35}"
EndProject
Project("{FAE04EC0-301F-11D3-BF4B-00C04F79EFBC}") = "Task 3.Compare Advanced Maths", "Task 3.Compare Advanced Maths\Task 3.Compare Advanced Maths.csproj", "{811F830D-D011-46D0-874A-F38CB450D33C}"
EndProject
Global
	GlobalSection(SolutionConfigurationPlatforms) = preSolution
		Debug|Any CPU = Debug|Any CPU
		Release|Any CPU = Release|Any CPU
	EndGlobalSection
	GlobalSection(ProjectConfigurationPlatforms) = postSolution
		{2F30E9AF-8256-40AF-B356-EA14E55CE9D7}.Debug|Any CPU.ActiveCfg = Debug|Any CPU
		{2F30E9AF-8256-40AF-B356-EA14E55CE9D7}.Debug|Any CPU.Build.0 = Debug|Any CPU
		{2F30E9AF-8256-40AF-B356-EA14E55CE9D7}.Release|Any CPU.ActiveCfg = Release|Any CPU
		{2F30E9AF-8256-40AF-B356-EA14E55CE9D7}.Release|Any CPU.Build.0 = Release|Any CPU
		{C94B4025-A9C3-428A-B037-AEB490977E35}.Debug|Any CPU.ActiveCfg = Debug|Any CPU
		{C94B4025-A9C3-428A-B037-AEB490977E35}.Debug|Any CPU.Build.0 = Debug|Any CPU
		{C94B4025-A9C3-428A-B037-AEB490977E35}.Release|Any CPU.ActiveCfg = Release|Any CPU
		{C94B4025-A9C3-428A-B037-AEB490977E35}.Release|Any CPU.Build.0 = Release|Any CPU
		{811F830D-D011-46D0-874A-F38CB450D33C}.Debug|Any CPU.ActiveCfg = Debug|Any CPU
		{811F830D-D011-46D0-874A-F38CB450D33C}.Debug|Any CPU.Build.0 = Debug|Any CPU
		{811F830D-D011-46D0-874A-F38CB450D33C}.Release|Any CPU.ActiveCfg = Release|Any CPU
		{811F830D-D011-46D0-874A-F38CB450D33C}.Release|Any CPU.Build.0 = Release|Any CPU
	EndGlobalSection
	GlobalSection(SolutionProperties) = preSolution
		HideSolutionNode = FALSE
	EndGlobalSection
EndGlobal
